
Microsoft Visual Studio Solution File, Format Version 12.00
# Visual Studio Version 17
VisualStudioVersion = 17.10.35013.160
MinimumVisualStudioVersion = 10.0.40219.1
Project("{FAE04EC0-301F-11D3-BF4B-00C04F79EFBC}") = "E-Commerse2", "E-Commerse2\E-Commerse2.csproj", "{78029114-BE8B-4330-830B-6324A670936B}"
EndProject
Global
	GlobalSection(SolutionConfigurationPlatforms) = preSolution
		Debug|Any CPU = Debug|Any CPU
		Release|Any CPU = Release|Any CPU
	EndGlobalSection
	GlobalSection(ProjectConfigurationPlatforms) = postSolution
		{78029114-BE8B-4330-830B-6324A670936B}.Debug|Any CPU.ActiveCfg = Debug|Any CPU
		{78029114-BE8B-4330-830B-6324A670936B}.Debug|Any CPU.Build.0 = Debug|Any CPU
		{78029114-BE8B-4330-830B-6324A670936B}.Release|Any CPU.ActiveCfg = Release|Any CPU
		{78029114-BE8B-4330-830B-6324A670936B}.Release|Any CPU.Build.0 = Release|Any CPU
	EndGlobalSection
	GlobalSection(SolutionProperties) = preSolution
		HideSolutionNode = FALSE
	EndGlobalSection
	GlobalSection(ExtensibilityGlobals) = postSolution
		SolutionGuid = {FA3A7999-CAB1-4BB8-ABF8-928BB68E0ACA}
	EndGlobalSection
EndGlobal
